// !$*UTF8*$!
{
	archiveVersion = 1;
	classes = {
	};
	objectVersion = 46;
	objects = {

/* Begin PBXBuildFile section */
		4E1426ED1C441FC6000E223F /* Converge.h in Headers */ = {isa = PBXBuildFile; fileRef = 4E1426EC1C441FC6000E223F /* Converge.h */; settings = {ATTRIBUTES = (Public, ); }; };
		4E1426F41C441FC6000E223F /* Converge.framework in Frameworks */ = {isa = PBXBuildFile; fileRef = 4E1426E91C441FC6000E223F /* Converge.framework */; };
		4E1426F91C441FC6000E223F /* ConvergeTests.swift in Sources */ = {isa = PBXBuildFile; fileRef = 4E1426F81C441FC6000E223F /* ConvergeTests.swift */; };
		4E1427041C442072000E223F /* Record.swift in Sources */ = {isa = PBXBuildFile; fileRef = 4E1427031C442072000E223F /* Record.swift */; };
		4E1427061C4422D3000E223F /* Importer.swift in Sources */ = {isa = PBXBuildFile; fileRef = 4E1427051C4422D3000E223F /* Importer.swift */; };
		4E14270A1C444981000E223F /* Seeds in Resources */ = {isa = PBXBuildFile; fileRef = 4E1427091C444981000E223F /* Seeds */; };
		4E14270D1C444992000E223F /* TestModel.xcdatamodeld in Sources */ = {isa = PBXBuildFile; fileRef = 4E14270B1C444992000E223F /* TestModel.xcdatamodeld */; };
		4E1427141C4449C6000E223F /* TestEntityThree+CoreDataProperties.swift in Sources */ = {isa = PBXBuildFile; fileRef = 4E14270E1C4449C6000E223F /* TestEntityThree+CoreDataProperties.swift */; };
		4E1427151C4449C6000E223F /* TestEntityThree.swift in Sources */ = {isa = PBXBuildFile; fileRef = 4E14270F1C4449C6000E223F /* TestEntityThree.swift */; };
		4E1427161C4449C6000E223F /* TestEntityTwo+CoreDataProperties.swift in Sources */ = {isa = PBXBuildFile; fileRef = 4E1427101C4449C6000E223F /* TestEntityTwo+CoreDataProperties.swift */; };
		4E1427171C4449C6000E223F /* TestEntityTwo.swift in Sources */ = {isa = PBXBuildFile; fileRef = 4E1427111C4449C6000E223F /* TestEntityTwo.swift */; };
		4E1427181C4449C6000E223F /* TestEntityOne+CoreDataProperties.swift in Sources */ = {isa = PBXBuildFile; fileRef = 4E1427121C4449C6000E223F /* TestEntityOne+CoreDataProperties.swift */; };
		4E1427191C4449C6000E223F /* TestEntityOne.swift in Sources */ = {isa = PBXBuildFile; fileRef = 4E1427131C4449C6000E223F /* TestEntityOne.swift */; };
/* End PBXBuildFile section */

/* Begin PBXContainerItemProxy section */
		4E1426F51C441FC6000E223F /* PBXContainerItemProxy */ = {
			isa = PBXContainerItemProxy;
			containerPortal = 4E1426E01C441FC6000E223F /* Project object */;
			proxyType = 1;
			remoteGlobalIDString = 4E1426E81C441FC6000E223F;
			remoteInfo = Converge;
		};
/* End PBXContainerItemProxy section */

/* Begin PBXFileReference section */
		4E1426E91C441FC6000E223F /* Converge.framework */ = {isa = PBXFileReference; explicitFileType = wrapper.framework; includeInIndex = 0; path = Converge.framework; sourceTree = BUILT_PRODUCTS_DIR; };
		4E1426EC1C441FC6000E223F /* Converge.h */ = {isa = PBXFileReference; lastKnownFileType = sourcecode.c.h; path = Converge.h; sourceTree = "<group>"; };
		4E1426EE1C441FC6000E223F /* Info.plist */ = {isa = PBXFileReference; lastKnownFileType = text.plist.xml; path = Info.plist; sourceTree = "<group>"; };
		4E1426F31C441FC6000E223F /* ConvergeTests.xctest */ = {isa = PBXFileReference; explicitFileType = wrapper.cfbundle; includeInIndex = 0; path = ConvergeTests.xctest; sourceTree = BUILT_PRODUCTS_DIR; };
		4E1426F81C441FC6000E223F /* ConvergeTests.swift */ = {isa = PBXFileReference; lastKnownFileType = sourcecode.swift; path = ConvergeTests.swift; sourceTree = "<group>"; };
		4E1426FA1C441FC6000E223F /* Info.plist */ = {isa = PBXFileReference; lastKnownFileType = text.plist.xml; path = Info.plist; sourceTree = "<group>"; };
		4E1427031C442072000E223F /* Record.swift */ = {isa = PBXFileReference; fileEncoding = 4; lastKnownFileType = sourcecode.swift; path = Record.swift; sourceTree = "<group>"; };
		4E1427051C4422D3000E223F /* Importer.swift */ = {isa = PBXFileReference; fileEncoding = 4; lastKnownFileType = sourcecode.swift; path = Importer.swift; sourceTree = "<group>"; };
		4E1427091C444981000E223F /* Seeds */ = {isa = PBXFileReference; lastKnownFileType = folder; path = Seeds; sourceTree = "<group>"; };
		4E14270C1C444992000E223F /* TestModel.xcdatamodel */ = {isa = PBXFileReference; lastKnownFileType = wrapper.xcdatamodel; path = TestModel.xcdatamodel; sourceTree = "<group>"; };
		4E14270E1C4449C6000E223F /* TestEntityThree+CoreDataProperties.swift */ = {isa = PBXFileReference; fileEncoding = 4; lastKnownFileType = sourcecode.swift; path = "TestEntityThree+CoreDataProperties.swift"; sourceTree = "<group>"; };
		4E14270F1C4449C6000E223F /* TestEntityThree.swift */ = {isa = PBXFileReference; fileEncoding = 4; lastKnownFileType = sourcecode.swift; path = TestEntityThree.swift; sourceTree = "<group>"; };
		4E1427101C4449C6000E223F /* TestEntityTwo+CoreDataProperties.swift */ = {isa = PBXFileReference; fileEncoding = 4; lastKnownFileType = sourcecode.swift; path = "TestEntityTwo+CoreDataProperties.swift"; sourceTree = "<group>"; };
		4E1427111C4449C6000E223F /* TestEntityTwo.swift */ = {isa = PBXFileReference; fileEncoding = 4; lastKnownFileType = sourcecode.swift; path = TestEntityTwo.swift; sourceTree = "<group>"; };
		4E1427121C4449C6000E223F /* TestEntityOne+CoreDataProperties.swift */ = {isa = PBXFileReference; fileEncoding = 4; lastKnownFileType = sourcecode.swift; path = "TestEntityOne+CoreDataProperties.swift"; sourceTree = "<group>"; };
		4E1427131C4449C6000E223F /* TestEntityOne.swift */ = {isa = PBXFileReference; fileEncoding = 4; lastKnownFileType = sourcecode.swift; path = TestEntityOne.swift; sourceTree = "<group>"; };
/* End PBXFileReference section */

/* Begin PBXFrameworksBuildPhase section */
		4E1426E51C441FC6000E223F /* Frameworks */ = {
			isa = PBXFrameworksBuildPhase;
			buildActionMask = 2147483647;
			files = (
			);
			runOnlyForDeploymentPostprocessing = 0;
		};
		4E1426F01C441FC6000E223F /* Frameworks */ = {
			isa = PBXFrameworksBuildPhase;
			buildActionMask = 2147483647;
			files = (
				4E1426F41C441FC6000E223F /* Converge.framework in Frameworks */,
			);
			runOnlyForDeploymentPostprocessing = 0;
		};
/* End PBXFrameworksBuildPhase section */

/* Begin PBXGroup section */
		4E1426DF1C441FC6000E223F = {
			isa = PBXGroup;
			children = (
				4E1426EB1C441FC6000E223F /* Converge */,
				4E1426F71C441FC6000E223F /* ConvergeTests */,
				4E1426EA1C441FC6000E223F /* Products */,
			);
			sourceTree = "<group>";
		};
		4E1426EA1C441FC6000E223F /* Products */ = {
			isa = PBXGroup;
			children = (
				4E1426E91C441FC6000E223F /* Converge.framework */,
				4E1426F31C441FC6000E223F /* ConvergeTests.xctest */,
			);
			name = Products;
			sourceTree = "<group>";
		};
		4E1426EB1C441FC6000E223F /* Converge */ = {
			isa = PBXGroup;
			children = (
				4E1426EC1C441FC6000E223F /* Converge.h */,
				4E1426EE1C441FC6000E223F /* Info.plist */,
				4E1427031C442072000E223F /* Record.swift */,
				4E1427051C4422D3000E223F /* Importer.swift */,
			);
			path = Converge;
			sourceTree = "<group>";
		};
		4E1426F71C441FC6000E223F /* ConvergeTests */ = {
			isa = PBXGroup;
			children = (
				4E1426F81C441FC6000E223F /* ConvergeTests.swift */,
				4E1427071C444954000E223F /* Data Model */,
				4E1427091C444981000E223F /* Seeds */,
				4E1426FA1C441FC6000E223F /* Info.plist */,
			);
			path = ConvergeTests;
			sourceTree = "<group>";
		};
		4E1427071C444954000E223F /* Data Model */ = {
			isa = PBXGroup;
			children = (
				4E14270B1C444992000E223F /* TestModel.xcdatamodeld */,
				4E1427131C4449C6000E223F /* TestEntityOne.swift */,
				4E1427121C4449C6000E223F /* TestEntityOne+CoreDataProperties.swift */,
				4E1427111C4449C6000E223F /* TestEntityTwo.swift */,
				4E1427101C4449C6000E223F /* TestEntityTwo+CoreDataProperties.swift */,
				4E14270F1C4449C6000E223F /* TestEntityThree.swift */,
				4E14270E1C4449C6000E223F /* TestEntityThree+CoreDataProperties.swift */,
			);
			path = "Data Model";
			sourceTree = "<group>";
		};
/* End PBXGroup section */

/* Begin PBXHeadersBuildPhase section */
		4E1426E61C441FC6000E223F /* Headers */ = {
			isa = PBXHeadersBuildPhase;
			buildActionMask = 2147483647;
			files = (
				4E1426ED1C441FC6000E223F /* Converge.h in Headers */,
			);
			runOnlyForDeploymentPostprocessing = 0;
		};
/* End PBXHeadersBuildPhase section */

/* Begin PBXNativeTarget section */
		4E1426E81C441FC6000E223F /* Converge */ = {
			isa = PBXNativeTarget;
			buildConfigurationList = 4E1426FD1C441FC6000E223F /* Build configuration list for PBXNativeTarget "Converge" */;
			buildPhases = (
				4E1426E41C441FC6000E223F /* Sources */,
				4E1426E51C441FC6000E223F /* Frameworks */,
				4E1426E61C441FC6000E223F /* Headers */,
				4E1426E71C441FC6000E223F /* Resources */,
			);
			buildRules = (
			);
			dependencies = (
			);
			name = Converge;
			productName = Converge;
			productReference = 4E1426E91C441FC6000E223F /* Converge.framework */;
			productType = "com.apple.product-type.framework";
		};
		4E1426F21C441FC6000E223F /* ConvergeTests */ = {
			isa = PBXNativeTarget;
			buildConfigurationList = 4E1427001C441FC6000E223F /* Build configuration list for PBXNativeTarget "ConvergeTests" */;
			buildPhases = (
				4E1426EF1C441FC6000E223F /* Sources */,
				4E1426F01C441FC6000E223F /* Frameworks */,
				4E1426F11C441FC6000E223F /* Resources */,
			);
			buildRules = (
			);
			dependencies = (
				4E1426F61C441FC6000E223F /* PBXTargetDependency */,
			);
			name = ConvergeTests;
			productName = ConvergeTests;
			productReference = 4E1426F31C441FC6000E223F /* ConvergeTests.xctest */;
			productType = "com.apple.product-type.bundle.unit-test";
		};
/* End PBXNativeTarget section */

/* Begin PBXProject section */
		4E1426E01C441FC6000E223F /* Project object */ = {
			isa = PBXProject;
			attributes = {
				LastSwiftUpdateCheck = 0720;
				LastUpgradeCheck = 0720;
				ORGANIZATIONNAME = "TripCraft LLC";
				TargetAttributes = {
					4E1426E81C441FC6000E223F = {
						CreatedOnToolsVersion = 7.2;
					};
					4E1426F21C441FC6000E223F = {
						CreatedOnToolsVersion = 7.2;
					};
				};
			};
			buildConfigurationList = 4E1426E31C441FC6000E223F /* Build configuration list for PBXProject "Converge" */;
			compatibilityVersion = "Xcode 3.2";
			developmentRegion = English;
			hasScannedForEncodings = 0;
			knownRegions = (
				en,
			);
			mainGroup = 4E1426DF1C441FC6000E223F;
			productRefGroup = 4E1426EA1C441FC6000E223F /* Products */;
			projectDirPath = "";
			projectRoot = "";
			targets = (
				4E1426E81C441FC6000E223F /* Converge */,
				4E1426F21C441FC6000E223F /* ConvergeTests */,
			);
		};
/* End PBXProject section */

/* Begin PBXResourcesBuildPhase section */
		4E1426E71C441FC6000E223F /* Resources */ = {
			isa = PBXResourcesBuildPhase;
			buildActionMask = 2147483647;
			files = (
			);
			runOnlyForDeploymentPostprocessing = 0;
		};
		4E1426F11C441FC6000E223F /* Resources */ = {
			isa = PBXResourcesBuildPhase;
			buildActionMask = 2147483647;
			files = (
				4E14270A1C444981000E223F /* Seeds in Resources */,
			);
			runOnlyForDeploymentPostprocessing = 0;
		};
/* End PBXResourcesBuildPhase section */

/* Begin PBXSourcesBuildPhase section */
		4E1426E41C441FC6000E223F /* Sources */ = {
			isa = PBXSourcesBuildPhase;
			buildActionMask = 2147483647;
			files = (
				4E1427041C442072000E223F /* Record.swift in Sources */,
				4E1427061C4422D3000E223F /* Importer.swift in Sources */,
			);
			runOnlyForDeploymentPostprocessing = 0;
		};
		4E1426EF1C441FC6000E223F /* Sources */ = {
			isa = PBXSourcesBuildPhase;
			buildActionMask = 2147483647;
			files = (
				4E1427161C4449C6000E223F /* TestEntityTwo+CoreDataProperties.swift in Sources */,
				4E1426F91C441FC6000E223F /* ConvergeTests.swift in Sources */,
				4E1427151C4449C6000E223F /* TestEntityThree.swift in Sources */,
				4E1427141C4449C6000E223F /* TestEntityThree+CoreDataProperties.swift in Sources */,
				4E1427181C4449C6000E223F /* TestEntityOne+CoreDataProperties.swift in Sources */,
				4E1427191C4449C6000E223F /* TestEntityOne.swift in Sources */,
				4E14270D1C444992000E223F /* TestModel.xcdatamodeld in Sources */,
				4E1427171C4449C6000E223F /* TestEntityTwo.swift in Sources */,
			);
			runOnlyForDeploymentPostprocessing = 0;
		};
/* End PBXSourcesBuildPhase section */

/* Begin PBXTargetDependency section */
		4E1426F61C441FC6000E223F /* PBXTargetDependency */ = {
			isa = PBXTargetDependency;
			target = 4E1426E81C441FC6000E223F /* Converge */;
			targetProxy = 4E1426F51C441FC6000E223F /* PBXContainerItemProxy */;
		};
/* End PBXTargetDependency section */

/* Begin XCBuildConfiguration section */
		4E1426FB1C441FC6000E223F /* Debug */ = {
			isa = XCBuildConfiguration;
			buildSettings = {
				ALWAYS_SEARCH_USER_PATHS = NO;
				CLANG_CXX_LANGUAGE_STANDARD = "gnu++0x";
				CLANG_CXX_LIBRARY = "libc++";
				CLANG_ENABLE_MODULES = YES;
				CLANG_ENABLE_OBJC_ARC = YES;
				CLANG_WARN_BOOL_CONVERSION = YES;
				CLANG_WARN_CONSTANT_CONVERSION = YES;
				CLANG_WARN_DIRECT_OBJC_ISA_USAGE = YES_ERROR;
				CLANG_WARN_EMPTY_BODY = YES;
				CLANG_WARN_ENUM_CONVERSION = YES;
				CLANG_WARN_INT_CONVERSION = YES;
				CLANG_WARN_OBJC_ROOT_CLASS = YES_ERROR;
				CLANG_WARN_UNREACHABLE_CODE = YES;
				CLANG_WARN__DUPLICATE_METHOD_MATCH = YES;
				"CODE_SIGN_IDENTITY[sdk=iphoneos*]" = "iPhone Developer";
				COPY_PHASE_STRIP = NO;
				CURRENT_PROJECT_VERSION = 1;
				DEBUG_INFORMATION_FORMAT = dwarf;
				ENABLE_STRICT_OBJC_MSGSEND = YES;
				ENABLE_TESTABILITY = YES;
				GCC_C_LANGUAGE_STANDARD = gnu99;
				GCC_DYNAMIC_NO_PIC = NO;
				GCC_NO_COMMON_BLOCKS = YES;
				GCC_OPTIMIZATION_LEVEL = 0;
				GCC_PREPROCESSOR_DEFINITIONS = (
					"DEBUG=1",
					"$(inherited)",
				);
				GCC_WARN_64_TO_32_BIT_CONVERSION = YES;
				GCC_WARN_ABOUT_RETURN_TYPE = YES_ERROR;
				GCC_WARN_UNDECLARED_SELECTOR = YES;
				GCC_WARN_UNINITIALIZED_AUTOS = YES_AGGRESSIVE;
				GCC_WARN_UNUSED_FUNCTION = YES;
				GCC_WARN_UNUSED_VARIABLE = YES;
				IPHONEOS_DEPLOYMENT_TARGET = 9.2;
				MTL_ENABLE_DEBUG_INFO = YES;
				ONLY_ACTIVE_ARCH = YES;
				SDKROOT = iphoneos;
				SWIFT_OPTIMIZATION_LEVEL = "-Onone";
				TARGETED_DEVICE_FAMILY = "1,2";
				VERSIONING_SYSTEM = "apple-generic";
				VERSION_INFO_PREFIX = "";
			};
			name = Debug;
		};
		4E1426FC1C441FC6000E223F /* Release */ = {
			isa = XCBuildConfiguration;
			buildSettings = {
				ALWAYS_SEARCH_USER_PATHS = NO;
				CLANG_CXX_LANGUAGE_STANDARD = "gnu++0x";
				CLANG_CXX_LIBRARY = "libc++";
				CLANG_ENABLE_MODULES = YES;
				CLANG_ENABLE_OBJC_ARC = YES;
				CLANG_WARN_BOOL_CONVERSION = YES;
				CLANG_WARN_CONSTANT_CONVERSION = YES;
				CLANG_WARN_DIRECT_OBJC_ISA_USAGE = YES_ERROR;
				CLANG_WARN_EMPTY_BODY = YES;
				CLANG_WARN_ENUM_CONVERSION = YES;
				CLANG_WARN_INT_CONVERSION = YES;
				CLANG_WARN_OBJC_ROOT_CLASS = YES_ERROR;
				CLANG_WARN_UNREACHABLE_CODE = YES;
				CLANG_WARN__DUPLICATE_METHOD_MATCH = YES;
				"CODE_SIGN_IDENTITY[sdk=iphoneos*]" = "iPhone Developer";
				COPY_PHASE_STRIP = NO;
				CURRENT_PROJECT_VERSION = 1;
				DEBUG_INFORMATION_FORMAT = "dwarf-with-dsym";
				ENABLE_NS_ASSERTIONS = NO;
				ENABLE_STRICT_OBJC_MSGSEND = YES;
				GCC_C_LANGUAGE_STANDARD = gnu99;
				GCC_NO_COMMON_BLOCKS = YES;
				GCC_WARN_64_TO_32_BIT_CONVERSION = YES;
				GCC_WARN_ABOUT_RETURN_TYPE = YES_ERROR;
				GCC_WARN_UNDECLARED_SELECTOR = YES;
				GCC_WARN_UNINITIALIZED_AUTOS = YES_AGGRESSIVE;
				GCC_WARN_UNUSED_FUNCTION = YES;
				GCC_WARN_UNUSED_VARIABLE = YES;
				IPHONEOS_DEPLOYMENT_TARGET = 9.2;
				MTL_ENABLE_DEBUG_INFO = NO;
				SDKROOT = iphoneos;
				TARGETED_DEVICE_FAMILY = "1,2";
				VALIDATE_PRODUCT = YES;
				VERSIONING_SYSTEM = "apple-generic";
				VERSION_INFO_PREFIX = "";
			};
			name = Release;
		};
		4E1426FE1C441FC6000E223F /* Debug */ = {
			isa = XCBuildConfiguration;
			buildSettings = {
				CLANG_ENABLE_MODULES = YES;
				DEFINES_MODULE = YES;
				DYLIB_COMPATIBILITY_VERSION = 1;
				DYLIB_CURRENT_VERSION = 1;
				DYLIB_INSTALL_NAME_BASE = "@rpath";
				INFOPLIST_FILE = Converge/Info.plist;
				INSTALL_PATH = "$(LOCAL_LIBRARY_DIR)/Frameworks";
				LD_RUNPATH_SEARCH_PATHS = "$(inherited) @executable_path/Frameworks @loader_path/Frameworks";
				PRODUCT_BUNDLE_IDENTIFIER = com.tripcraft.Converge;
				PRODUCT_NAME = "$(TARGET_NAME)";
				SKIP_INSTALL = YES;
				SWIFT_OPTIMIZATION_LEVEL = "-Onone";
			};
			name = Debug;
		};
		4E1426FF1C441FC6000E223F /* Release */ = {
			isa = XCBuildConfiguration;
			buildSettings = {
				CLANG_ENABLE_MODULES = YES;
				DEFINES_MODULE = YES;
				DYLIB_COMPATIBILITY_VERSION = 1;
				DYLIB_CURRENT_VERSION = 1;
				DYLIB_INSTALL_NAME_BASE = "@rpath";
				INFOPLIST_FILE = Converge/Info.plist;
				INSTALL_PATH = "$(LOCAL_LIBRARY_DIR)/Frameworks";
				LD_RUNPATH_SEARCH_PATHS = "$(inherited) @executable_path/Frameworks @loader_path/Frameworks";
				PRODUCT_BUNDLE_IDENTIFIER = com.tripcraft.Converge;
				PRODUCT_NAME = "$(TARGET_NAME)";
				SKIP_INSTALL = YES;
			};
			name = Release;
		};
		4E1427011C441FC6000E223F /* Debug */ = {
			isa = XCBuildConfiguration;
			buildSettings = {
				INFOPLIST_FILE = ConvergeTests/Info.plist;
				LD_RUNPATH_SEARCH_PATHS = "$(inherited) @executable_path/Frameworks @loader_path/Frameworks";
				PRODUCT_BUNDLE_IDENTIFIER = com.tripcraft.ConvergeTests;
				PRODUCT_NAME = "$(TARGET_NAME)";
			};
			name = Debug;
		};
		4E1427021C441FC6000E223F /* Release */ = {
			isa = XCBuildConfiguration;
			buildSettings = {
				INFOPLIST_FILE = ConvergeTests/Info.plist;
				LD_RUNPATH_SEARCH_PATHS = "$(inherited) @executable_path/Frameworks @loader_path/Frameworks";
				PRODUCT_BUNDLE_IDENTIFIER = com.tripcraft.ConvergeTests;
				PRODUCT_NAME = "$(TARGET_NAME)";
			};
			name = Release;
		};
/* End XCBuildConfiguration section */

/* Begin XCConfigurationList section */
		4E1426E31C441FC6000E223F /* Build configuration list for PBXProject "Converge" */ = {
			isa = XCConfigurationList;
			buildConfigurations = (
				4E1426FB1C441FC6000E223F /* Debug */,
				4E1426FC1C441FC6000E223F /* Release */,
			);
			defaultConfigurationIsVisible = 0;
			defaultConfigurationName = Release;
		};
		4E1426FD1C441FC6000E223F /* Build configuration list for PBXNativeTarget "Converge" */ = {
			isa = XCConfigurationList;
			buildConfigurations = (
				4E1426FE1C441FC6000E223F /* Debug */,
				4E1426FF1C441FC6000E223F /* Release */,
			);
			defaultConfigurationIsVisible = 0;
			defaultConfigurationName = Release;
		};
		4E1427001C441FC6000E223F /* Build configuration list for PBXNativeTarget "ConvergeTests" */ = {
			isa = XCConfigurationList;
			buildConfigurations = (
				4E1427011C441FC6000E223F /* Debug */,
				4E1427021C441FC6000E223F /* Release */,
			);
			defaultConfigurationIsVisible = 0;
			defaultConfigurationName = Release;
		};
/* End XCConfigurationList section */

/* Begin XCVersionGroup section */
		4E14270B1C444992000E223F /* TestModel.xcdatamodeld */ = {
			isa = XCVersionGroup;
			children = (
				4E14270C1C444992000E223F /* TestModel.xcdatamodel */,
			);
			currentVersion = 4E14270C1C444992000E223F /* TestModel.xcdatamodel */;
			path = TestModel.xcdatamodeld;
			sourceTree = "<group>";
			versionGroupType = wrapper.xcdatamodel;
		};
/* End XCVersionGroup section */
	};
	rootObject = 4E1426E01C441FC6000E223F /* Project object */;
}
